
Microsoft Visual Studio Solution File, Format Version 12.00
# Visual Studio Version 16
VisualStudioVersion = 16.0.29424.173
MinimumVisualStudioVersion = 10.0.40219.1
Project("{FAE04EC0-301F-11D3-BF4B-00C04F79EFBC}") = "Pressure", "Pressure.csproj", "{3AA13416-3839-4F14-8475-F64B0B5C0315}"
EndProject
Global
	GlobalSection(SolutionConfigurationPlatforms) = preSolution
		Debug|Any CPU = Debug|Any CPU
		Release|Any CPU = Release|Any CPU
	EndGlobalSection
	GlobalSection(ProjectConfigurationPlatforms) = postSolution
		{3AA13416-3839-4F14-8475-F64B0B5C0315}.Debug|Any CPU.ActiveCfg = Debug|Any CPU
		{3AA13416-3839-4F14-8475-F64B0B5C0315}.Debug|Any CPU.Build.0 = Debug|Any CPU
		{3AA13416-3839-4F14-8475-F64B0B5C0315}.Release|Any CPU.ActiveCfg = Release|Any CPU
		{3AA13416-3839-4F14-8475-F64B0B5C0315}.Release|Any CPU.Build.0 = Release|Any CPU
	EndGlobalSection
	GlobalSection(SolutionProperties) = preSolution
		HideSolutionNode = FALSE
	EndGlobalSection
	GlobalSection(ExtensibilityGlobals) = postSolution
		SolutionGuid = {8FF846DC-C83B-4F6D-9F34-6E38E4E7BF9A}
	EndGlobalSection
EndGlobal
